
Microsoft Visual Studio Solution File, Format Version 12.00
# Visual Studio Version 17
VisualStudioVersion = 17.7.34031.279
MinimumVisualStudioVersion = 10.0.40219.1
Project("{FAE04EC0-301F-11D3-BF4B-00C04F79EFBC}") = "BookStoreApp.API", "BookStoreApp.API\BookStoreApp.API.csproj", "{DEA91B71-E369-42A8-A364-DCBB4948692B}"
EndProject
Global
	GlobalSection(SolutionConfigurationPlatforms) = preSolution
		Debug|Any CPU = Debug|Any CPU
		Release|Any CPU = Release|Any CPU
	EndGlobalSection
	GlobalSection(ProjectConfigurationPlatforms) = postSolution
		{DEA91B71-E369-42A8-A364-DCBB4948692B}.Debug|Any CPU.ActiveCfg = Debug|Any CPU
		{DEA91B71-E369-42A8-A364-DCBB4948692B}.Debug|Any CPU.Build.0 = Debug|Any CPU
		{DEA91B71-E369-42A8-A364-DCBB4948692B}.Release|Any CPU.ActiveCfg = Release|Any CPU
		{DEA91B71-E369-42A8-A364-DCBB4948692B}.Release|Any CPU.Build.0 = Release|Any CPU
	EndGlobalSection
	GlobalSection(SolutionProperties) = preSolution
		HideSolutionNode = FALSE
	EndGlobalSection
	GlobalSection(ExtensibilityGlobals) = postSolution
		SolutionGuid = {6990416F-4F4A-47EE-9D30-6B00D1B6324D}
	EndGlobalSection
EndGlobal
